// !$*UTF8*$!
{
	archiveVersion = 1;
	classes = {
	};
	objectVersion = 110;
	objects = {

/* Begin PBXBuildFile section */
		88118D353062C21F0021320D /* README.md in Resources */ = {isa = PBXBuildFile; fileRef = 88118D343062C21F0021320D /* README.md */; };
/* End PBXBuildFile section */

/* Begin PBXContainerItemProxy section */
		883415D63062BF2A003D39E9 /* PBXContainerItemProxy */ = {
			isa = PBXContainerItemProxy;
			containerPortal = 883415C03062BF29003D39E9 /* Project object */;
			proxyType = 1;
			remoteGlobalIDString = 883415C73062BF29003D39E9;
			remoteInfo = CleanMyMac;
		};
		883415E03062BF2A003D39E9 /* PBXContainerItemProxy */ = {
			isa = PBXContainerItemProxy;
			containerPortal = 883415C03062BF29003D39E9 /* Project object */;
			proxyType = 1;
			remoteGlobalIDString = 883415C73062BF29003D39E9;
			remoteInfo = CleanMyMac;
		};
/* End PBXContainerItemProxy section */

/* Begin PBXFileReference section */
		88118D343062C21F0021320D /* README.md */ = {isa = PBXFileReference; lastKnownFileType = net.daringfireball.markdown; path = README.md; sourceTree = "<group>"; };
		883415C83062BF29003D39E9 /* CleanMyMac.app */ = {isa = PBXFileReference; explicitFileType = wrapper.application; includeInIndex = 0; path = CleanMyMac.app; sourceTree = BUILT_PRODUCTS_DIR; };
		883415D53062BF2A003D39E9 /* CleanMyMacTests.xctest */ = {isa = PBXFileReference; explicitFileType = wrapper.cfbundle; includeInIndex = 0; path = CleanMyMacTests.xctest; sourceTree = BUILT_PRODUCTS_DIR; };
		883415DF3062BF2A003D39E9 /* CleanMyMacUITests.xctest */ = {isa = PBXFileReference; explicitFileType = wrapper.cfbundle; includeInIndex = 0; path = CleanMyMacUITests.xctest; sourceTree = BUILT_PRODUCTS_DIR; };
/* End PBXFileReference section */

/* Begin PBXFileSystemSynchronizedRootGroup section */
		883415CA3062BF29003D39E9 /* CleanMyMac */ = {
			isa = PBXFileSystemSynchronizedRootGroup;
			path = CleanMyMac;
			sourceTree = "<group>";
		};
		883415D83062BF2A003D39E9 /* CleanMyMacTests */ = {
			isa = PBXFileSystemSynchronizedRootGroup;
			path = CleanMyMacTests;
			sourceTree = "<group>";
		};
		883415E23062BF2A003D39E9 /* CleanMyMacUITests */ = {
			isa = PBXFileSystemSynchronizedRootGroup;
			path = CleanMyMacUITests;
			sourceTree = "<group>";
		};
/* End PBXFileSystemSynchronizedRootGroup section */

/* Begin PBXFrameworksBuildPhase section */
		883415C53062BF29003D39E9 /* Frameworks */ = {
			isa = PBXFrameworksBuildPhase;
			files = (
			);
		};
		883415D23062BF2A003D39E9 /* Frameworks */ = {
			isa = PBXFrameworksBuildPhase;
			files = (
			);
		};
		883415DC3062BF2A003D39E9 /* Frameworks */ = {
			isa = PBXFrameworksBuildPhase;
			files = (
			);
		};
/* End PBXFrameworksBuildPhase section */

/* Begin PBXGroup section */
		883415BF3062BF29003D39E9 = {
			isa = PBXGroup;
			children = (
				88118D343062C21F0021320D /* README.md */,
				883415CA3062BF29003D39E9 /* CleanMyMac */,
				883415D83062BF2A003D39E9 /* CleanMyMacTests */,
				883415E23062BF2A003D39E9 /* CleanMyMacUITests */,
				883415C93062BF29003D39E9 /* Products */,
			);
			sourceTree = "<group>";
		};
		883415C93062BF29003D39E9 /* Products */ = {
			isa = PBXGroup;
			children = (
				883415C83062BF29003D39E9 /* CleanMyMac.app */,
				883415D53062BF2A003D39E9 /* CleanMyMacTests.xctest */,
				883415DF3062BF2A003D39E9 /* CleanMyMacUITests.xctest */,
			);
			name = Products;
			sourceTree = "<group>";
		};
/* End PBXGroup section */

/* Begin PBXNativeTarget section */
		883415C73062BF29003D39E9 /* CleanMyMac */ = {
			isa = PBXNativeTarget;
			buildConfigurationList = 883415E73062BF2A003D39E9 /* Build configuration list for PBXNativeTarget "CleanMyMac" */;
			buildPhases = (
				883415C43062BF29003D39E9 /* Sources */,
				883415C53062BF29003D39E9 /* Frameworks */,
				883415C63062BF29003D39E9 /* Resources */,
			);
			buildRules = (
			);
			fileSystemSynchronizedGroups = (
				883415CA3062BF29003D39E9 /* CleanMyMac */,
			);
			name = CleanMyMac;
			productName = CleanMyMac;
			productReference = 883415C83062BF29003D39E9 /* CleanMyMac.app */;
			productType = "com.apple.product-type.application";
		};
		883415D43062BF2A003D39E9 /* CleanMyMacTests */ = {
			isa = PBXNativeTarget;
			buildConfigurationList = 883415EA3062BF2A003D39E9 /* Build configuration list for PBXNativeTarget "CleanMyMacTests" */;
			buildPhases = (
				883415D13062BF2A003D39E9 /* Sources */,
				883415D23062BF2A003D39E9 /* Frameworks */,
				883415D33062BF2A003D39E9 /* Resources */,
			);
			buildRules = (
			);
			dependencies = (
				883415D73062BF2A003D39E9 /* PBXTargetDependency */,
			);
			fileSystemSynchronizedGroups = (
				883415D83062BF2A003D39E9 /* CleanMyMacTests */,
			);
			name = CleanMyMacTests;
			productName = CleanMyMacTests;
			productReference = 883415D53062BF2A003D39E9 /* CleanMyMacTests.xctest */;
			productType = "com.apple.product-type.bundle.unit-test";
		};
		883415DE3062BF2A003D39E9 /* CleanMyMacUITests */ = {
			isa = PBXNativeTarget;
			buildConfigurationList = 883415ED3062BF2A003D39E9 /* Build configuration list for PBXNativeTarget "CleanMyMacUITests" */;
			buildPhases = (
				883415DB3062BF2A003D39E9 /* Sources */,
				883415DC3062BF2A003D39E9 /* Frameworks */,
				883415DD3062BF2A003D39E9 /* Resources */,
			);
			buildRules = (
			);
			dependencies = (
				883415E13062BF2A003D39E9 /* PBXTargetDependency */,
			);
			fileSystemSynchronizedGroups = (
				883415E23062BF2A003D39E9 /* CleanMyMacUITests */,
			);
			name = CleanMyMacUITests;
			productName = CleanMyMacUITests;
			productReference = 883415DF3062BF2A003D39E9 /* CleanMyMacUITests.xctest */;
			productType = "com.apple.product-type.bundle.ui-testing";
		};
/* End PBXNativeTarget section */

/* Begin PBXProject section */
		883415C03062BF29003D39E9 /* Project object */ = {
			isa = PBXProject;
			attributes = {
				BuildIndependentTargetsInParallel = 1;
				LastSwiftUpdateCheck = 2700;
				LastUpgradeCheck = 2700;
				TargetAttributes = {
					883415C73062BF29003D39E9 = {
						CreatedOnToolsVersion = 27.0;
					};
					883415D43062BF2A003D39E9 = {
						CreatedOnToolsVersion = 27.0;
						TestTargetID = 883415C73062BF29003D39E9;
					};
					883415DE3062BF2A003D39E9 = {
						CreatedOnToolsVersion = 27.0;
						TestTargetID = 883415C73062BF29003D39E9;
					};
				};
			};
			buildConfigurationList = 883415C33062BF29003D39E9 /* Build configuration list for PBXProject "CleanMyMac" */;
			developmentRegion = en;
			hasScannedForEncodings = 0;
			knownRegions = (
				en,
				Base,
			);
			mainGroup = 883415BF3062BF29003D39E9;
			minimizedProjectReferenceProxies = 1;
			preferredProjectObjectVersion = 77;
			productRefGroup = 883415C93062BF29003D39E9 /* Products */;
			projectDirPath = "";
			projectRoot = "";
			targets = (
				883415C73062BF29003D39E9 /* CleanMyMac */,
				883415D43062BF2A003D39E9 /* CleanMyMacTests */,
				883415DE3062BF2A003D39E9 /* CleanMyMacUITests */,
			);
		};
/* End PBXProject section */

/* Begin PBXResourcesBuildPhase section */
		883415C63062BF29003D39E9 /* Resources */ = {
			isa = PBXResourcesBuildPhase;
			files = (
				88118D353062C21F0021320D /* README.md in Resources */,
			);
		};
		883415D33062BF2A003D39E9 /* Resources */ = {
			isa = PBXResourcesBuildPhase;
			files = (
			);
		};
		883415DD3062BF2A003D39E9 /* Resources */ = {
			isa = PBXResourcesBuildPhase;
			files = (
			);
		};
/* End PBXResourcesBuildPhase section */

/* Begin PBXSourcesBuildPhase section */
		883415C43062BF29003D39E9 /* Sources */ = {
			isa = PBXSourcesBuildPhase;
			files = (
			);
		};
		883415D13062BF2A003D39E9 /* Sources */ = {
			isa = PBXSourcesBuildPhase;
			files = (
			);
		};
		883415DB3062BF2A003D39E9 /* Sources */ = {
			isa = PBXSourcesBuildPhase;
			files = (
			);
		};
/* End PBXSourcesBuildPhase section */

/* Begin PBXTargetDependency section */
		883415D73062BF2A003D39E9 /* PBXTargetDependency */ = {
			isa = PBXTargetDependency;
			target = 883415C73062BF29003D39E9 /* CleanMyMac */;
			targetProxy = 883415D63062BF2A003D39E9 /* PBXContainerItemProxy */;
		};
		883415E13062BF2A003D39E9 /* PBXTargetDependency */ = {
			isa = PBXTargetDependency;
			target = 883415C73062BF29003D39E9 /* CleanMyMac */;
			targetProxy = 883415E03062BF2A003D39E9 /* PBXContainerItemProxy */;
		};
/* End PBXTargetDependency section */

/* Begin XCBuildConfiguration section */
		883415E53062BF2A003D39E9 /* Debug configuration for PBXProject "CleanMyMac" */ = {
			isa = XCBuildConfiguration;
			buildSettings = {
				ALWAYS_SEARCH_USER_PATHS = NO;
				ASSETCATALOG_COMPILER_GENERATE_SWIFT_ASSET_SYMBOL_EXTENSIONS = YES;
				CLANG_ANALYZER_NONNULL = YES;
				CLANG_ANALYZER_NUMBER_OBJECT_CONVERSION = YES_AGGRESSIVE;
				CLANG_CXX_LANGUAGE_STANDARD = "gnu++20";
				CLANG_ENABLE_MODULES = YES;
				CLANG_ENABLE_OBJC_ARC = YES;
				CLANG_ENABLE_OBJC_WEAK = YES;
				CLANG_WARN_BLOCK_CAPTURE_AUTORELEASING = YES;
				CLANG_WARN_BOOL_CONVERSION = YES;
				CLANG_WARN_COMMA = YES;
				CLANG_WARN_CONSTANT_CONVERSION = YES;
				CLANG_WARN_DEPRECATED_OBJC_IMPLEMENTATIONS = YES;
				CLANG_WARN_DIRECT_OBJC_ISA_USAGE = YES_ERROR;
				CLANG_WARN_DOCUMENTATION_COMMENTS = YES;
				CLANG_WARN_EMPTY_BODY = YES;
				CLANG_WARN_ENUM_CONVERSION = YES;
				CLANG_WARN_INFINITE_RECURSION = YES;
				CLANG_WARN_INT_CONVERSION = YES;
				CLANG_WARN_NON_LITERAL_NULL_CONVERSION = YES;
				CLANG_WARN_OBJC_IMPLICIT_RETAIN_SELF = YES;
				CLANG_WARN_OBJC_LITERAL_CONVERSION = YES;
				CLANG_WARN_OBJC_ROOT_CLASS = YES_ERROR;
				CLANG_WARN_QUOTED_INCLUDE_IN_FRAMEWORK_HEADER = YES;
				CLANG_WARN_RANGE_LOOP_ANALYSIS = YES;
				CLANG_WARN_STRICT_PROTOTYPES = YES;
				CLANG_WARN_SUSPICIOUS_MOVE = YES;
				CLANG_WARN_UNGUARDED_AVAILABILITY = YES_AGGRESSIVE;
				CLANG_WARN_UNREACHABLE_CODE = YES;
				CLANG_WARN__DUPLICATE_METHOD_MATCH = YES;
				COPY_PHASE_STRIP = NO;
				DEBUG_INFORMATION_FORMAT = dwarf;
				ENABLE_STRICT_OBJC_MSGSEND = YES;
				ENABLE_TESTABILITY = YES;
				ENABLE_USER_SCRIPT_SANDBOXING = YES;
				GCC_C_LANGUAGE_STANDARD = gnu17;
				GCC_DYNAMIC_NO_PIC = NO;
				GCC_NO_COMMON_BLOCKS = YES;
				GCC_OPTIMIZATION_LEVEL = 0;
				GCC_PREPROCESSOR_DEFINITIONS = (
					"DEBUG=1",
					"$(inherited)",
				);
				GCC_WARN_64_TO_32_BIT_CONVERSION = YES;
				GCC_WARN_ABOUT_RETURN_TYPE = YES_ERROR;
				GCC_WARN_UNDECLARED_SELECTOR = YES;
				GCC_WARN_UNINITIALIZED_AUTOS = YES_AGGRESSIVE;
				GCC_WARN_UNUSED_FUNCTION = YES;
				GCC_WARN_UNUSED_VARIABLE = YES;
				LOCALIZATION_PREFERS_STRING_CATALOGS = YES;
				MACOSX_DEPLOYMENT_TARGET = 27.0;
				MTL_ENABLE_DEBUG_INFO = INCLUDE_SOURCE;
				MTL_FAST_MATH = YES;
				ONLY_ACTIVE_ARCH = YES;
				SDKROOT = macosx;
				SWIFT_ACTIVE_COMPILATION_CONDITIONS = "DEBUG $(inherited)";
				SWIFT_OPTIMIZATION_LEVEL = "-Onone";
			};
			name = Debug;
		};
		883415E63062BF2A003D39E9 /* Release configuration for PBXProject "CleanMyMac" */ = {
			isa = XCBuildConfiguration;
			buildSettings = {
				ALWAYS_SEARCH_USER_PATHS = NO;
				ASSETCATALOG_COMPILER_GENERATE_SWIFT_ASSET_SYMBOL_EXTENSIONS = YES;
				CLANG_ANALYZER_NONNULL = YES;
				CLANG_ANALYZER_NUMBER_OBJECT_CONVERSION = YES_AGGRESSIVE;
				CLANG_CXX_LANGUAGE_STANDARD = "gnu++20";
				CLANG_ENABLE_MODULES = YES;
				CLANG_ENABLE_OBJC_ARC = YES;
				CLANG_ENABLE_OBJC_WEAK = YES;
				CLANG_WARN_BLOCK_CAPTURE_AUTORELEASING = YES;
				CLANG_WARN_BOOL_CONVERSION = YES;
				CLANG_WARN_COMMA = YES;
				CLANG_WARN_CONSTANT_CONVERSION = YES;
				CLANG_WARN_DEPRECATED_OBJC_IMPLEMENTATIONS = YES;
				CLANG_WARN_DIRECT_OBJC_ISA_USAGE = YES_ERROR;
				CLANG_WARN_DOCUMENTATION_COMMENTS = YES;
				CLANG_WARN_EMPTY_BODY = YES;
				CLANG_WARN_ENUM_CONVERSION = YES;
				CLANG_WARN_INFINITE_RECURSION = YES;
				CLANG_WARN_INT_CONVERSION = YES;
				CLANG_WARN_NON_LITERAL_NULL_CONVERSION = YES;
				CLANG_WARN_OBJC_IMPLICIT_RETAIN_SELF = YES;
				CLANG_WARN_OBJC_LITERAL_CONVERSION = YES;
				CLANG_WARN_OBJC_ROOT_CLASS = YES_ERROR;
				CLANG_WARN_QUOTED_INCLUDE_IN_FRAMEWORK_HEADER = YES;
				CLANG_WARN_RANGE_LOOP_ANALYSIS = YES;
				CLANG_WARN_STRICT_PROTOTYPES = YES;
				CLANG_WARN_SUSPICIOUS_MOVE = YES;
				CLANG_WARN_UNGUARDED_AVAILABILITY = YES_AGGRESSIVE;
				CLANG_WARN_UNREACHABLE_CODE = YES;
				CLANG_WARN__DUPLICATE_METHOD_MATCH = YES;
				COPY_PHASE_STRIP = NO;
				DEBUG_INFORMATION_FORMAT = "dwarf-with-dsym";
				ENABLE_NS_ASSERTIONS = NO;
				ENABLE_STRICT_OBJC_MSGSEND = YES;
				ENABLE_USER_SCRIPT_SANDBOXING = YES;
				GCC_C_LANGUAGE_STANDARD = gnu17;
				GCC_NO_COMMON_BLOCKS = YES;
				GCC_WARN_64_TO_32_BIT_CONVERSION = YES;
				GCC_WARN_ABOUT_RETURN_TYPE = YES_ERROR;
				GCC_WARN_UNDECLARED_SELECTOR = YES;
				GCC_WARN_UNINITIALIZED_AUTOS = YES_AGGRESSIVE;
				GCC_WARN_UNUSED_FUNCTION = YES;
				GCC_WARN_UNUSED_VARIABLE = YES;
				LOCALIZATION_PREFERS_STRING_CATALOGS = YES;
				MACOSX_DEPLOYMENT_TARGET = 27.0;
				MTL_ENABLE_DEBUG_INFO = NO;
				MTL_FAST_MATH = YES;
				SDKROOT = macosx;
				SWIFT_COMPILATION_MODE = wholemodule;
			};
			name = Release;
		};
		883415E83062BF2A003D39E9 /* Debug configuration for PBXNativeTarget "CleanMyMac" */ = {
			isa = XCBuildConfiguration;
			buildSettings = {
				ASSETCATALOG_COMPILER_APPICON_NAME = AppIcon;
				ASSETCATALOG_COMPILER_GLOBAL_ACCENT_COLOR_NAME = AccentColor;
				CODE_SIGN_STYLE = Automatic;
				COMBINE_HIDPI_IMAGES = YES;
				CURRENT_PROJECT_VERSION = 1;
				ENABLE_APP_SANDBOX = NO;
				ENABLE_PREVIEWS = YES;
				GENERATE_INFOPLIST_FILE = YES;
				INFOPLIST_KEY_NSHumanReadableCopyright = "";
				LD_RUNPATH_SEARCH_PATHS = (
					"$(inherited)",
					"@executable_path/../Frameworks",
				);
				MARKETING_VERSION = 1.0;
				PRODUCT_BUNDLE_IDENTIFIER = com.renato.CleanMyMac;
				PRODUCT_NAME = "$(TARGET_NAME)";
				REGISTER_APP_GROUPS = YES;
				STRING_CATALOG_GENERATE_SYMBOLS = YES;
				SWIFT_APPROACHABLE_CONCURRENCY = YES;
				SWIFT_DEFAULT_ACTOR_ISOLATION = nonisolated;
				SWIFT_EMIT_LOC_STRINGS = YES;
				SWIFT_UPCOMING_FEATURE_MEMBER_IMPORT_VISIBILITY = YES;
				SWIFT_VERSION = 5.0;
			};
			name = Debug;
		};
		883415E93062BF2A003D39E9 /* Release configuration for PBXNativeTarget "CleanMyMac" */ = {
			isa = XCBuildConfiguration;
			buildSettings = {
				ASSETCATALOG_COMPILER_APPICON_NAME = AppIcon;
				ASSETCATALOG_COMPILER_GLOBAL_ACCENT_COLOR_NAME = AccentColor;
				CODE_SIGN_STYLE = Automatic;
				COMBINE_HIDPI_IMAGES = YES;
				CURRENT_PROJECT_VERSION = 1;
				ENABLE_APP_SANDBOX = NO;
				ENABLE_PREVIEWS = YES;
				GENERATE_INFOPLIST_FILE = YES;
				INFOPLIST_KEY_NSHumanReadableCopyright = "";
				LD_RUNPATH_SEARCH_PATHS = (
					"$(inherited)",
					"@executable_path/../Frameworks",
				);
				MARKETING_VERSION = 1.0;
				PRODUCT_BUNDLE_IDENTIFIER = com.renato.CleanMyMac;
				PRODUCT_NAME = "$(TARGET_NAME)";
				REGISTER_APP_GROUPS = YES;
				STRING_CATALOG_GENERATE_SYMBOLS = YES;
				SWIFT_APPROACHABLE_CONCURRENCY = YES;
				SWIFT_DEFAULT_ACTOR_ISOLATION = nonisolated;
				SWIFT_EMIT_LOC_STRINGS = YES;
				SWIFT_UPCOMING_FEATURE_MEMBER_IMPORT_VISIBILITY = YES;
				SWIFT_VERSION = 5.0;
			};
			name = Release;
		};
		883415EB3062BF2A003D39E9 /* Debug configuration for PBXNativeTarget "CleanMyMacTests" */ = {
			isa = XCBuildConfiguration;
			buildSettings = {
				BUNDLE_LOADER = "$(TEST_HOST)";
				CODE_SIGN_STYLE = Automatic;
				CURRENT_PROJECT_VERSION = 1;
				GENERATE_INFOPLIST_FILE = YES;
				MACOSX_DEPLOYMENT_TARGET = 27.0;
				MARKETING_VERSION = 1.0;
				PRODUCT_BUNDLE_IDENTIFIER = com.renato.CleanMyMacTests;
				PRODUCT_NAME = "$(TARGET_NAME)";
				STRING_CATALOG_GENERATE_SYMBOLS = NO;
				SWIFT_APPROACHABLE_CONCURRENCY = YES;
				SWIFT_EMIT_LOC_STRINGS = NO;
				SWIFT_UPCOMING_FEATURE_MEMBER_IMPORT_VISIBILITY = YES;
				SWIFT_VERSION = 5.0;
				TEST_HOST = "$(BUILT_PRODUCTS_DIR)/CleanMyMac.app/$(BUNDLE_EXECUTABLE_FOLDER_PATH)/CleanMyMac";
			};
			name = Debug;
		};
		883415EC3062BF2A003D39E9 /* Release configuration for PBXNativeTarget "CleanMyMacTests" */ = {
			isa = XCBuildConfiguration;
			buildSettings = {
				BUNDLE_LOADER = "$(TEST_HOST)";
				CODE_SIGN_STYLE = Automatic;
				CURRENT_PROJECT_VERSION = 1;
				GENERATE_INFOPLIST_FILE = YES;
				MACOSX_DEPLOYMENT_TARGET = 27.0;
				MARKETING_VERSION = 1.0;
				PRODUCT_BUNDLE_IDENTIFIER = com.renato.CleanMyMacTests;
				PRODUCT_NAME = "$(TARGET_NAME)";
				STRING_CATALOG_GENERATE_SYMBOLS = NO;
				SWIFT_APPROACHABLE_CONCURRENCY = YES;
				SWIFT_EMIT_LOC_STRINGS = NO;
				SWIFT_UPCOMING_FEATURE_MEMBER_IMPORT_VISIBILITY = YES;
				SWIFT_VERSION = 5.0;
				TEST_HOST = "$(BUILT_PRODUCTS_DIR)/CleanMyMac.app/$(BUNDLE_EXECUTABLE_FOLDER_PATH)/CleanMyMac";
			};
			name = Release;
		};
		883415EE3062BF2A003D39E9 /* Debug configuration for PBXNativeTarget "CleanMyMacUITests" */ = {
			isa = XCBuildConfiguration;
			buildSettings = {
				CODE_SIGN_STYLE = Automatic;
				CURRENT_PROJECT_VERSION = 1;
				GENERATE_INFOPLIST_FILE = YES;
				MARKETING_VERSION = 1.0;
				PRODUCT_BUNDLE_IDENTIFIER = com.renato.CleanMyMacUITests;
				PRODUCT_NAME = "$(TARGET_NAME)";
				STRING_CATALOG_GENERATE_SYMBOLS = NO;
				SWIFT_APPROACHABLE_CONCURRENCY = YES;
				SWIFT_EMIT_LOC_STRINGS = NO;
				SWIFT_UPCOMING_FEATURE_MEMBER_IMPORT_VISIBILITY = YES;
				SWIFT_VERSION = 5.0;
				TEST_TARGET_NAME = CleanMyMac;
			};
			name = Debug;
		};
		883415EF3062BF2A003D39E9 /* Release configuration for PBXNativeTarget "CleanMyMacUITests" */ = {
			isa = XCBuildConfiguration;
			buildSettings = {
				CODE_SIGN_STYLE = Automatic;
				CURRENT_PROJECT_VERSION = 1;
				GENERATE_INFOPLIST_FILE = YES;
				MARKETING_VERSION = 1.0;
				PRODUCT_BUNDLE_IDENTIFIER = com.renato.CleanMyMacUITests;
				PRODUCT_NAME = "$(TARGET_NAME)";
				STRING_CATALOG_GENERATE_SYMBOLS = NO;
				SWIFT_APPROACHABLE_CONCURRENCY = YES;
				SWIFT_EMIT_LOC_STRINGS = NO;
				SWIFT_UPCOMING_FEATURE_MEMBER_IMPORT_VISIBILITY = YES;
				SWIFT_VERSION = 5.0;
				TEST_TARGET_NAME = CleanMyMac;
			};
			name = Release;
		};
/* End XCBuildConfiguration section */

/* Begin XCConfigurationList section */
		883415C33062BF29003D39E9 /* Build configuration list for PBXProject "CleanMyMac" */ = {
			isa = XCConfigurationList;
			buildConfigurations = (
				883415E53062BF2A003D39E9 /* Debug configuration for PBXProject "CleanMyMac" */,
				883415E63062BF2A003D39E9 /* Release configuration for PBXProject "CleanMyMac" */,
			);
			defaultConfigurationName = Release;
		};
		883415E73062BF2A003D39E9 /* Build configuration list for PBXNativeTarget "CleanMyMac" */ = {
			isa = XCConfigurationList;
			buildConfigurations = (
				883415E83062BF2A003D39E9 /* Debug configuration for PBXNativeTarget "CleanMyMac" */,
				883415E93062BF2A003D39E9 /* Release configuration for PBXNativeTarget "CleanMyMac" */,
			);
			defaultConfigurationName = Release;
		};
		883415EA3062BF2A003D39E9 /* Build configuration list for PBXNativeTarget "CleanMyMacTests" */ = {
			isa = XCConfigurationList;
			buildConfigurations = (
				883415EB3062BF2A003D39E9 /* Debug configuration for PBXNativeTarget "CleanMyMacTests" */,
				883415EC3062BF2A003D39E9 /* Release configuration for PBXNativeTarget "CleanMyMacTests" */,
			);
			defaultConfigurationName = Release;
		};
		883415ED3062BF2A003D39E9 /* Build configuration list for PBXNativeTarget "CleanMyMacUITests" */ = {
			isa = XCConfigurationList;
			buildConfigurations = (
				883415EE3062BF2A003D39E9 /* Debug configuration for PBXNativeTarget "CleanMyMacUITests" */,
				883415EF3062BF2A003D39E9 /* Release configuration for PBXNativeTarget "CleanMyMacUITests" */,
			);
			defaultConfigurationName = Release;
		};
/* End XCConfigurationList section */
	};
	rootObject = 883415C03062BF29003D39E9 /* Project object */;
	validationLevel = 1;
}
